
Microsoft Visual Studio Solution File, Format Version 12.00
# Visual Studio Version 17
VisualStudioVersion = 17.2.32630.192
MinimumVisualStudioVersion = 10.0.40219.1
Project("{9A19103F-16F7-4668-BE54-9A1E7A4F7556}") = "WeatherAPI", "WeatherAPI\WeatherAPI.csproj", "{90C7B7FC-D08C-4954-8489-ECBC9FFA6D22}"
EndProject
Project("{FAE04EC0-301F-11D3-BF4B-00C04F79EFBC}") = "WeatherAPI.Data", "WeatherAPI.Data\WeatherAPI.Data.csproj", "{F828ED4B-9907-49ED-AF35-F5DD64EB8AFB}"
EndProject
Global
	GlobalSection(SolutionConfigurationPlatforms) = preSolution
		Debug|Any CPU = Debug|Any CPU
		Release|Any CPU = Release|Any CPU
	EndGlobalSection
	GlobalSection(ProjectConfigurationPlatforms) = postSolution
		{90C7B7FC-D08C-4954-8489-ECBC9FFA6D22}.Debug|Any CPU.ActiveCfg = Debug|Any CPU
		{90C7B7FC-D08C-4954-8489-ECBC9FFA6D22}.Debug|Any CPU.Build.0 = Debug|Any CPU
		{90C7B7FC-D08C-4954-8489-ECBC9FFA6D22}.Release|Any CPU.ActiveCfg = Release|Any CPU
		{90C7B7FC-D08C-4954-8489-ECBC9FFA6D22}.Release|Any CPU.Build.0 = Release|Any CPU
		{F828ED4B-9907-49ED-AF35-F5DD64EB8AFB}.Debug|Any CPU.ActiveCfg = Debug|Any CPU
		{F828ED4B-9907-49ED-AF35-F5DD64EB8AFB}.Debug|Any CPU.Build.0 = Debug|Any CPU
		{F828ED4B-9907-49ED-AF35-F5DD64EB8AFB}.Release|Any CPU.ActiveCfg = Release|Any CPU
		{F828ED4B-9907-49ED-AF35-F5DD64EB8AFB}.Release|Any CPU.Build.0 = Release|Any CPU
	EndGlobalSection
	GlobalSection(SolutionProperties) = preSolution
		HideSolutionNode = FALSE
	EndGlobalSection
	GlobalSection(ExtensibilityGlobals) = postSolution
		SolutionGuid = {DD4A73AF-78E4-4FF7-A833-B849819E71A9}
	EndGlobalSection
EndGlobal
